
Microsoft Visual Studio Solution File, Format Version 12.00
# Visual Studio Version 16
VisualStudioVersion = 16.0.29503.13
MinimumVisualStudioVersion = 10.0.40219.1
Project("{FAE04EC0-301F-11D3-BF4B-00C04F79EFBC}") = "TrianglePlasma", "TrianglePlasma\TrianglePlasma.csproj", "{95939793-50CE-40E5-94EA-D0727C6EA21D}"
EndProject
Global
	GlobalSection(SolutionConfigurationPlatforms) = preSolution
		Debug|Any CPU = Debug|Any CPU
		Release|Any CPU = Release|Any CPU
	EndGlobalSection
	GlobalSection(ProjectConfigurationPlatforms) = postSolution
		{95939793-50CE-40E5-94EA-D0727C6EA21D}.Debug|Any CPU.ActiveCfg = Debug|Any CPU
		{95939793-50CE-40E5-94EA-D0727C6EA21D}.Debug|Any CPU.Build.0 = Debug|Any CPU
		{95939793-50CE-40E5-94EA-D0727C6EA21D}.Release|Any CPU.ActiveCfg = Release|Any CPU
		{95939793-50CE-40E5-94EA-D0727C6EA21D}.Release|Any CPU.Build.0 = Release|Any CPU
	EndGlobalSection
	GlobalSection(SolutionProperties) = preSolution
		HideSolutionNode = FALSE
	EndGlobalSection
	GlobalSection(ExtensibilityGlobals) = postSolution
		SolutionGuid = {E0D1EF7B-2B13-45EF-84ED-A212E2944C97}
	EndGlobalSection
EndGlobal
